
Microsoft Visual Studio Solution File, Format Version 12.00
# Visual Studio 15
VisualStudioVersion = 15.0.27428.2015
MinimumVisualStudioVersion = 10.0.40219.1
Project("{FAE04EC0-301F-11D3-BF4B-00C04F79EFBC}") = "GZipTest", "GZipTest\GZipTest.csproj", "{AEF0B25C-230B-4DE2-9F2E-505525FD6D10}"
EndProject
Global
	GlobalSection(SolutionConfigurationPlatforms) = preSolution
		Debug|Any CPU = Debug|Any CPU
		Release|Any CPU = Release|Any CPU
	EndGlobalSection
	GlobalSection(ProjectConfigurationPlatforms) = postSolution
		{AEF0B25C-230B-4DE2-9F2E-505525FD6D10}.Debug|Any CPU.ActiveCfg = Debug|Any CPU
		{AEF0B25C-230B-4DE2-9F2E-505525FD6D10}.Debug|Any CPU.Build.0 = Debug|Any CPU
		{AEF0B25C-230B-4DE2-9F2E-505525FD6D10}.Release|Any CPU.ActiveCfg = Release|Any CPU
		{AEF0B25C-230B-4DE2-9F2E-505525FD6D10}.Release|Any CPU.Build.0 = Release|Any CPU
	EndGlobalSection
	GlobalSection(SolutionProperties) = preSolution
		HideSolutionNode = FALSE
	EndGlobalSection
	GlobalSection(ExtensibilityGlobals) = postSolution
		SolutionGuid = {E1707114-1F95-4D53-B1BE-66D777D43A48}
	EndGlobalSection
EndGlobal
